
Microsoft Visual Studio Solution File, Format Version 12.00
# Visual Studio 2013
VisualStudioVersion = 12.0.0.0
MinimumVisualStudioVersion = 10.0.0.1
Project("{FAE04EC0-301F-11D3-BF4B-00C04F79EFBC}") = "BlackMoonStudio", "BlackMoonStudio.csproj", "{5706B870-8A70-4A46-AB5D-E856684D95CA}"
EndProject
Global
	GlobalSection(SolutionConfigurationPlatforms) = preSolution
		Debug|Any CPU = Debug|Any CPU
		Release|Any CPU = Release|Any CPU
	EndGlobalSection
	GlobalSection(ProjectConfigurationPlatforms) = postSolution
		{5706B870-8A70-4A46-AB5D-E856684D95CA}.Debug|Any CPU.ActiveCfg = Debug|Any CPU
		{5706B870-8A70-4A46-AB5D-E856684D95CA}.Debug|Any CPU.Build.0 = Debug|Any CPU
		{5706B870-8A70-4A46-AB5D-E856684D95CA}.Release|Any CPU.ActiveCfg = Release|Any CPU
		{5706B870-8A70-4A46-AB5D-E856684D95CA}.Release|Any CPU.Build.0 = Release|Any CPU
	EndGlobalSection
	GlobalSection(SolutionProperties) = preSolution
		HideSolutionNode = FALSE
	EndGlobalSection
EndGlobal
